
Microsoft Visual Studio Solution File, Format Version 12.00
# Visual Studio Version 17
VisualStudioVersion = 17.2.32505.173
MinimumVisualStudioVersion = 10.0.40219.1
Project("{8BC9CEB8-8B4A-11D0-8D11-00A0C91BC942}") = "parrallel_matrix_multiplocation", "parrallel_matrix_multiplocation\parrallel_matrix_multiplocation.vcxproj", "{FC47475F-1983-48AE-BE3C-B3B1EC12A617}"
EndProject
Project("{2150E333-8FDC-42A3-9474-1A3956D46DE8}") = "Solution Items", "Solution Items", "{5D3D23BD-0E1D-4EFF-841E-0BEA7B2C9CB6}"
EndProject
Global
	GlobalSection(SolutionConfigurationPlatforms) = preSolution
		Debug|x64 = Debug|x64
		Debug|x86 = Debug|x86
		Release|x64 = Release|x64
		Release|x86 = Release|x86
	EndGlobalSection
	GlobalSection(ProjectConfigurationPlatforms) = postSolution
		{FC47475F-1983-48AE-BE3C-B3B1EC12A617}.Debug|x64.ActiveCfg = Debug|x64
		{FC47475F-1983-48AE-BE3C-B3B1EC12A617}.Debug|x64.Build.0 = Debug|x64
		{FC47475F-1983-48AE-BE3C-B3B1EC12A617}.Debug|x86.ActiveCfg = Debug|Win32
		{FC47475F-1983-48AE-BE3C-B3B1EC12A617}.Debug|x86.Build.0 = Debug|Win32
		{FC47475F-1983-48AE-BE3C-B3B1EC12A617}.Release|x64.ActiveCfg = Release|x64
		{FC47475F-1983-48AE-BE3C-B3B1EC12A617}.Release|x64.Build.0 = Release|x64
		{FC47475F-1983-48AE-BE3C-B3B1EC12A617}.Release|x86.ActiveCfg = Release|Win32
		{FC47475F-1983-48AE-BE3C-B3B1EC12A617}.Release|x86.Build.0 = Release|Win32
	EndGlobalSection
	GlobalSection(SolutionProperties) = preSolution
		HideSolutionNode = FALSE
	EndGlobalSection
	GlobalSection(ExtensibilityGlobals) = postSolution
		SolutionGuid = {98AB22F5-9D78-4C9D-941E-FBDFE5CE5D7E}
	EndGlobalSection
EndGlobal
